
Microsoft Visual Studio Solution File, Format Version 12.00
# Visual Studio Version 17
VisualStudioVersion = 17.0.31903.59
MinimumVisualStudioVersion = 10.0.40219.1
Project("{9A19103F-16F7-4668-BE54-9A1E7A4F7556}") = "Dima.Core", "Dima.Core\Dima.Core.csproj", "{2699AD6A-A0F7-44FC-9159-B72880D9B304}"
EndProject
Project("{9A19103F-16F7-4668-BE54-9A1E7A4F7556}") = "Dima.Api", "Dima.Api\Dima.Api.csproj", "{F9D95902-BE53-4E2C-860E-767772550593}"
EndProject
Project("{9A19103F-16F7-4668-BE54-9A1E7A4F7556}") = "Dima.Web", "Dima.Web\Dima.Web.csproj", "{ED605957-CE99-4AF6-B50E-3C256DA11A81}"
EndProject
Global
	GlobalSection(SolutionConfigurationPlatforms) = preSolution
		Debug|Any CPU = Debug|Any CPU
		Release|Any CPU = Release|Any CPU
	EndGlobalSection
	GlobalSection(ProjectConfigurationPlatforms) = postSolution
		{2699AD6A-A0F7-44FC-9159-B72880D9B304}.Debug|Any CPU.ActiveCfg = Debug|Any CPU
		{2699AD6A-A0F7-44FC-9159-B72880D9B304}.Debug|Any CPU.Build.0 = Debug|Any CPU
		{2699AD6A-A0F7-44FC-9159-B72880D9B304}.Release|Any CPU.ActiveCfg = Release|Any CPU
		{2699AD6A-A0F7-44FC-9159-B72880D9B304}.Release|Any CPU.Build.0 = Release|Any CPU
		{F9D95902-BE53-4E2C-860E-767772550593}.Debug|Any CPU.ActiveCfg = Debug|Any CPU
		{F9D95902-BE53-4E2C-860E-767772550593}.Debug|Any CPU.Build.0 = Debug|Any CPU
		{F9D95902-BE53-4E2C-860E-767772550593}.Release|Any CPU.ActiveCfg = Release|Any CPU
		{F9D95902-BE53-4E2C-860E-767772550593}.Release|Any CPU.Build.0 = Release|Any CPU
		{ED605957-CE99-4AF6-B50E-3C256DA11A81}.Debug|Any CPU.ActiveCfg = Debug|Any CPU
		{ED605957-CE99-4AF6-B50E-3C256DA11A81}.Debug|Any CPU.Build.0 = Debug|Any CPU
		{ED605957-CE99-4AF6-B50E-3C256DA11A81}.Release|Any CPU.ActiveCfg = Release|Any CPU
		{ED605957-CE99-4AF6-B50E-3C256DA11A81}.Release|Any CPU.Build.0 = Release|Any CPU
	EndGlobalSection
	GlobalSection(SolutionProperties) = preSolution
		HideSolutionNode = FALSE
	EndGlobalSection
	GlobalSection(ExtensibilityGlobals) = postSolution
		SolutionGuid = {E0B9A276-4FC4-4637-A744-8D9B7EE24069}
	EndGlobalSection
EndGlobal
